{
  "name": "Proposal-Website",
  "lockfileVersion": 3,
  "requires": true,
  "packages": {
    "": {
      "dependencies": {
        "@supabase/supabase-js": "^2.87.1",
        "bcryptjs": "^3.0.3",
        "sweetalert2": "^11.26.4"
      }
    },
    "node_modules/@supabase/auth-js": {
      "version": "2.87.1",
      "resolved": "https://registry.npmjs.org/@supabase/auth-js/-/auth-js-2.87.1.tgz",
      "integrity": "sha512-6RDeOf5TVoaXFtEstN188ykp3pXLZaU9qoAWfx8dc50FFAAqt+kcFJ96V0IvSmcpb4mDAWcpTJ7BegmVDn/WIw==",
      "license": "MIT",
      "dependencies": {
        "tslib": "2.8.1"
      },
      "engines": {
        "node": ">=20.0.0"
      }
    },
    "node_modules/@supabase/functions-js": {
      "version": "2.87.1",
      "resolved": "https://registry.npmjs.org/@supabase/functions-js/-/functions-js-2.87.1.tgz",
      "integrity": "sha512-rWmYo4gRD0XAjMhYDlz7IH67bp4TIQ1UE4VqwIQtl1gGPwtLDq6wcRnu7jLKlXx0Gtrknw/eoiHYG9//XrCTzQ==",
      "license": "MIT",
      "dependencies": {
        "tslib": "2.8.1"
      },
      "engines": {
        "node": ">=20.0.0"
      }
    },
    "node_modules/@supabase/postgrest-js": {
      "version": "2.87.1",
      "resolved": "https://registry.npmjs.org/@supabase/postgrest-js/-/postgrest-js-2.87.1.tgz",
      "integrity": "sha512-Yzu5eL3iGmZW0C/8x+vEojAOou63FI9oVw8HI8YOq63+5yM8g8aGh7Y1E2vbXFb7+gHGsPqLnaC6dPhrYt7qBA==",
      "license": "MIT",
      "dependencies": {
        "tslib": "2.8.1"
      },
      "engines": {
        "node": ">=20.0.0"
      }
    },
    "node_modules/@supabase/realtime-js": {
      "version": "2.87.1",
      "resolved": "https://registry.npmjs.org/@supabase/realtime-js/-/realtime-js-2.87.1.tgz",
      "integrity": "sha512-XvLtEznxmYZXA7LYuy5zbSXpSYjDLJq2wQeRh3MzON2OR4U8Kq+RtPz2E2Wi8HEzvBfsc+nNu1TG8LQ9+3DRkA==",
      "license": "MIT",
      "dependencies": {
        "@types/phoenix": "^1.6.6",
        "@types/ws": "^8.18.1",
        "tslib": "2.8.1",
        "ws": "^8.18.2"
      },
      "engines": {
        "node": ">=20.0.0"
      }
    },
    "node_modules/@supabase/storage-js": {
      "version": "2.87.1",
      "resolved": "https://registry.npmjs.org/@supabase/storage-js/-/storage-js-2.87.1.tgz",
      "integrity": "sha512-0Uc8tNV4yzkNNmp1inpXru0RB4a7ECq05G2S6BDvSpMxTxJrDVJ4vVDwyhqB8ZZ+O9+8prHaQYoByQeuDnwpFQ==",
      "license": "MIT",
      "dependencies": {
        "iceberg-js": "^0.8.1",
        "tslib": "2.8.1"
      },
      "engines": {
        "node": ">=20.0.0"
      }
    },
    "node_modules/@supabase/supabase-js": {
      "version": "2.87.1",
      "resolved": "https://registry.npmjs.org/@supabase/supabase-js/-/supabase-js-2.87.1.tgz",
      "integrity": "sha512-tVgqZqnHZVum584KuUKSQZgcy6ZkhVd6gG8QWg2QfIXH9HmXdamauxdVsLXwaNPJxEdOyfAfwIyi5XUsiVYWtg==",
      "license": "MIT",
      "dependencies": {
        "@supabase/auth-js": "2.87.1",
        "@supabase/functions-js": "2.87.1",
        "@supabase/postgrest-js": "2.87.1",
        "@supabase/realtime-js": "2.87.1",
        "@supabase/storage-js": "2.87.1"
      },
      "engines": {
        "node": ">=20.0.0"
      }
    },
    "node_modules/@types/node": {
      "version": "24.10.2",
      "resolved": "https://registry.npmjs.org/@types/node/-/node-24.10.2.tgz",
      "integrity": "sha512-WOhQTZ4G8xZ1tjJTvKOpyEVSGgOTvJAfDK3FNFgELyaTpzhdgHVHeqW8V+UJvzF5BT+/B54T/1S2K6gd9c7bbA==",
      "license": "MIT",
      "dependencies": {
        "undici-types": "~7.16.0"
      }
    },
    "node_modules/@types/phoenix": {
      "version": "1.6.7",
      "resolved": "https://registry.npmjs.org/@types/phoenix/-/phoenix-1.6.7.tgz",
      "integrity": "sha512-oN9ive//QSBkf19rfDv45M7eZPi0eEXylht2OLEXicu5b4KoQ1OzXIw+xDSGWxSxe1JmepRR/ZH283vsu518/Q==",
      "license": "MIT"
    },
    "node_modules/@types/ws": {
      "version": "8.18.1",
      "resolved": "https://registry.npmjs.org/@types/ws/-/ws-8.18.1.tgz",
      "integrity": "sha512-ThVF6DCVhA8kUGy+aazFQ4kXQ7E1Ty7A3ypFOe0IcJV8O/M511G99AW24irKrW56Wt44yG9+ij8FaqoBGkuBXg==",
      "license": "MIT",
      "dependencies": {
        "@types/node": "*"
      }
    },
    "node_modules/bcryptjs": {
      "version": "3.0.3",
      "resolved": "https://registry.npmjs.org/bcryptjs/-/bcryptjs-3.0.3.tgz",
      "integrity": "sha512-GlF5wPWnSa/X5LKM1o0wz0suXIINz1iHRLvTS+sLyi7XPbe5ycmYI3DlZqVGZZtDgl4DmasFg7gOB3JYbphV5g==",
      "license": "BSD-3-Clause",
      "bin": {
        "bcrypt": "bin/bcrypt"
      }
    },
    "node_modules/iceberg-js": {
      "version": "0.8.1",
      "resolved": "https://registry.npmjs.org/iceberg-js/-/iceberg-js-0.8.1.tgz",
      "integrity": "sha512-1dhVQZXhcHje7798IVM+xoo/1ZdVfzOMIc8/rgVSijRK38EDqOJoGula9N/8ZI5RD8QTxNQtK/Gozpr+qUqRRA==",
      "license": "MIT",
      "engines": {
        "node": ">=20.0.0"
      }
    },
    "node_modules/sweetalert2": {
      "version": "11.26.4",
      "resolved": "https://registry.npmjs.org/sweetalert2/-/sweetalert2-11.26.4.tgz",
      "integrity": "sha512-qIgIQOVoz85Xj2Rij+htVFNH+HiIgfSR8ZJsHQvX4p9uLtJveXVqU7vPxJ4Eo6SALnLeo0Sw6COY164Zg3oBiw==",
      "license": "MIT",
      "funding": {
        "type": "individual",
        "url": "https://github.com/sponsors/limonte"
      }
    },
    "node_modules/tslib": {
      "version": "2.8.1",
      "resolved": "https://registry.npmjs.org/tslib/-/tslib-2.8.1.tgz",
      "integrity": "sha512-oJFu94HQb+KVduSUQL7wnpmqnfmLsOA/nAh6b6EH0wCEoK0/mPeXU6c3wKDV83MkOuHPRHtSXKKU99IBazS/2w==",
      "license": "0BSD"
    },
    "node_modules/undici-types": {
      "version": "7.16.0",
      "resolved": "https://registry.npmjs.org/undici-types/-/undici-types-7.16.0.tgz",
      "integrity": "sha512-Zz+aZWSj8LE6zoxD+xrjh4VfkIG8Ya6LvYkZqtUQGJPZjYl53ypCaUwWqo7eI0x66KBGeRo+mlBEkMSeSZ38Nw==",
      "license": "MIT"
    },
    "node_modules/ws": {
      "version": "8.18.3",
      "resolved": "https://registry.npmjs.org/ws/-/ws-8.18.3.tgz",
      "integrity": "sha512-PEIGCY5tSlUt50cqyMXfCzX+oOPqN0vuGqWzbcJ2xvnkzkq46oOpz7dQaTDBdfICb4N14+GARUDw2XV2N4tvzg==",
      "license": "MIT",
      "engines": {
        "node": ">=10.0.0"
      },
      "peerDependencies": {
        "bufferutil": "^4.0.1",
        "utf-8-validate": ">=5.0.2"
      },
      "peerDependenciesMeta": {
        "bufferutil": {
          "optional": true
        },
        "utf-8-validate": {
          "optional": true
        }
      }
    }
  }
}
